
Microsoft Visual Studio Solution File, Format Version 12.00
# Visual Studio Version 16
VisualStudioVersion = 16.0.30204.135
MinimumVisualStudioVersion = 10.0.40219.1
Project("{9A19103F-16F7-4668-BE54-9A1E7A4F7556}") = "Rebalanser", "Rebalanser\Rebalanser.csproj", "{CA10AEF2-704D-4087-80AA-D4DBBEFEF09F}"
EndProject
Project("{9A19103F-16F7-4668-BE54-9A1E7A4F7556}") = "Rebalanser.Tests", "Rebalanser.Tests\Rebalanser.Tests.csproj", "{802C1E82-83F9-48C4-91C9-1C296C11BDED}"
EndProject
Global
	GlobalSection(SolutionConfigurationPlatforms) = preSolution
		Debug|Any CPU = Debug|Any CPU
		Release|Any CPU = Release|Any CPU
	EndGlobalSection
	GlobalSection(ProjectConfigurationPlatforms) = postSolution
		{CA10AEF2-704D-4087-80AA-D4DBBEFEF09F}.Debug|Any CPU.ActiveCfg = Debug|Any CPU
		{CA10AEF2-704D-4087-80AA-D4DBBEFEF09F}.Debug|Any CPU.Build.0 = Debug|Any CPU
		{CA10AEF2-704D-4087-80AA-D4DBBEFEF09F}.Release|Any CPU.ActiveCfg = Release|Any CPU
		{CA10AEF2-704D-4087-80AA-D4DBBEFEF09F}.Release|Any CPU.Build.0 = Release|Any CPU
		{802C1E82-83F9-48C4-91C9-1C296C11BDED}.Debug|Any CPU.ActiveCfg = Debug|Any CPU
		{802C1E82-83F9-48C4-91C9-1C296C11BDED}.Debug|Any CPU.Build.0 = Debug|Any CPU
		{802C1E82-83F9-48C4-91C9-1C296C11BDED}.Release|Any CPU.ActiveCfg = Release|Any CPU
		{802C1E82-83F9-48C4-91C9-1C296C11BDED}.Release|Any CPU.Build.0 = Release|Any CPU
	EndGlobalSection
	GlobalSection(SolutionProperties) = preSolution
		HideSolutionNode = FALSE
	EndGlobalSection
	GlobalSection(ExtensibilityGlobals) = postSolution
		SolutionGuid = {15B11BD1-6925-439B-BECD-AE74020D6C99}
	EndGlobalSection
EndGlobal
